
Microsoft Visual Studio Solution File, Format Version 12.00
# Visual Studio 2012
Project("{FAE04EC0-301F-11D3-BF4B-00C04F79EFBC}") = "ShamePrivilege", "ShamePrivilege\ShamePrivilege.csproj", "{7BA2B32A-7E82-42F3-AEE6-3C1AA6DFF3E1}"
EndProject
Global
	GlobalSection(SolutionConfigurationPlatforms) = preSolution
		Debug|Any CPU = Debug|Any CPU
		Release|Any CPU = Release|Any CPU
	EndGlobalSection
	GlobalSection(ProjectConfigurationPlatforms) = postSolution
		{7BA2B32A-7E82-42F3-AEE6-3C1AA6DFF3E1}.Debug|Any CPU.ActiveCfg = Debug|Any CPU
		{7BA2B32A-7E82-42F3-AEE6-3C1AA6DFF3E1}.Debug|Any CPU.Build.0 = Debug|Any CPU
		{7BA2B32A-7E82-42F3-AEE6-3C1AA6DFF3E1}.Release|Any CPU.ActiveCfg = Release|Any CPU
		{7BA2B32A-7E82-42F3-AEE6-3C1AA6DFF3E1}.Release|Any CPU.Build.0 = Release|Any CPU
		{7BA2B32A-7E82-42F3-AEE6-3C1AA6DFF3E1}.Release|Any CPU.Deploy.0 = Release|Any CPU
	EndGlobalSection
	GlobalSection(SolutionProperties) = preSolution
		HideSolutionNode = FALSE
	EndGlobalSection
EndGlobal
